// !$*UTF8*$!
{
	archiveVersion = 1;
	classes = {
	};
	objectVersion = 46;
	objects = {

/* Begin PBXBuildFile section */
		C81293DE1CB5FDF400E16627 /* AppDelegate.m in Sources */ = {isa = PBXBuildFile; fileRef = C81293DD1CB5FDF400E16627 /* AppDelegate.m */; };
		C81293E11CB5FDF400E16627 /* main.m in Sources */ = {isa = PBXBuildFile; fileRef = C81293E01CB5FDF400E16627 /* main.m */; };
		C81293E41CB5FDF400E16627 /* ViewController.m in Sources */ = {isa = PBXBuildFile; fileRef = C81293E31CB5FDF400E16627 /* ViewController.m */; };
		C81293E91CB5FDF400E16627 /* Main.storyboard in Resources */ = {isa = PBXBuildFile; fileRef = C81293E71CB5FDF400E16627 /* Main.storyboard */; };
		C81293F11CB5FE4200E16627 /* libxml2.2.tbd in Frameworks */ = {isa = PBXBuildFile; fileRef = C81293F01CB5FE4200E16627 /* libxml2.2.tbd */; };
		C81293F41CB5FEAD00E16627 /* WDColorModel.m in Sources */ = {isa = PBXBuildFile; fileRef = C81293F31CB5FEAD00E16627 /* WDColorModel.m */; };
/* End PBXBuildFile section */

/* Begin PBXFileReference section */
		C81293D91CB5FDF400E16627 /* ModifyProjectXIBColor.app */ = {isa = PBXFileReference; explicitFileType = wrapper.application; includeInIndex = 0; path = ModifyProjectXIBColor.app; sourceTree = BUILT_PRODUCTS_DIR; };
		C81293DC1CB5FDF400E16627 /* AppDelegate.h */ = {isa = PBXFileReference; lastKnownFileType = sourcecode.c.h; path = AppDelegate.h; sourceTree = "<group>"; };
		C81293DD1CB5FDF400E16627 /* AppDelegate.m */ = {isa = PBXFileReference; lastKnownFileType = sourcecode.c.objc; path = AppDelegate.m; sourceTree = "<group>"; };
		C81293E01CB5FDF400E16627 /* main.m */ = {isa = PBXFileReference; lastKnownFileType = sourcecode.c.objc; path = main.m; sourceTree = "<group>"; };
		C81293E21CB5FDF400E16627 /* ViewController.h */ = {isa = PBXFileReference; lastKnownFileType = sourcecode.c.h; path = ViewController.h; sourceTree = "<group>"; };
		C81293E31CB5FDF400E16627 /* ViewController.m */ = {isa = PBXFileReference; lastKnownFileType = sourcecode.c.objc; path = ViewController.m; sourceTree = "<group>"; };
		C81293E81CB5FDF400E16627 /* Base */ = {isa = PBXFileReference; lastKnownFileType = file.storyboard; name = Base; path = Base.lproj/Main.storyboard; sourceTree = "<group>"; };
		C81293EA1CB5FDF400E16627 /* Info.plist */ = {isa = PBXFileReference; lastKnownFileType = text.plist.xml; path = Info.plist; sourceTree = "<group>"; };
		C81293F01CB5FE4200E16627 /* libxml2.2.tbd */ = {isa = PBXFileReference; lastKnownFileType = "sourcecode.text-based-dylib-definition"; name = libxml2.2.tbd; path = usr/lib/libxml2.2.tbd; sourceTree = SDKROOT; };
		C81293F21CB5FEAD00E16627 /* WDColorModel.h */ = {isa = PBXFileReference; fileEncoding = 4; lastKnownFileType = sourcecode.c.h; path = WDColorModel.h; sourceTree = "<group>"; };
		C81293F31CB5FEAD00E16627 /* WDColorModel.m */ = {isa = PBXFileReference; fileEncoding = 4; lastKnownFileType = sourcecode.c.objc; path = WDColorModel.m; sourceTree = "<group>"; };
/* End PBXFileReference section */

/* Begin PBXFrameworksBuildPhase section */
		C81293D61CB5FDF400E16627 /* Frameworks */ = {
			isa = PBXFrameworksBuildPhase;
			buildActionMask = 2147483647;
			files = (
				C81293F11CB5FE4200E16627 /* libxml2.2.tbd in Frameworks */,
			);
			runOnlyForDeploymentPostprocessing = 0;
		};
/* End PBXFrameworksBuildPhase section */

/* Begin PBXGroup section */
		C81293D01CB5FDF400E16627 = {
			isa = PBXGroup;
			children = (
				C81293DB1CB5FDF400E16627 /* ModifyProjectXIBColor */,
				C81293DA1CB5FDF400E16627 /* Products */,
			);
			sourceTree = "<group>";
		};
		C81293DA1CB5FDF400E16627 /* Products */ = {
			isa = PBXGroup;
			children = (
				C81293D91CB5FDF400E16627 /* ModifyProjectXIBColor.app */,
			);
			name = Products;
			sourceTree = "<group>";
		};
		C81293DB1CB5FDF400E16627 /* ModifyProjectXIBColor */ = {
			isa = PBXGroup;
			children = (
				C81293DC1CB5FDF400E16627 /* AppDelegate.h */,
				C81293DD1CB5FDF400E16627 /* AppDelegate.m */,
				C81293E21CB5FDF400E16627 /* ViewController.h */,
				C81293E31CB5FDF400E16627 /* ViewController.m */,
				C81293F21CB5FEAD00E16627 /* WDColorModel.h */,
				C81293F31CB5FEAD00E16627 /* WDColorModel.m */,
				C81293DF1CB5FDF400E16627 /* Supporting Files */,
			);
			path = ModifyProjectXIBColor;
			sourceTree = "<group>";
		};
		C81293DF1CB5FDF400E16627 /* Supporting Files */ = {
			isa = PBXGroup;
			children = (
				C81293F01CB5FE4200E16627 /* libxml2.2.tbd */,
				C81293E71CB5FDF400E16627 /* Main.storyboard */,
				C81293EA1CB5FDF400E16627 /* Info.plist */,
				C81293E01CB5FDF400E16627 /* main.m */,
			);
			name = "Supporting Files";
			sourceTree = "<group>";
		};
/* End PBXGroup section */

/* Begin PBXNativeTarget section */
		C81293D81CB5FDF400E16627 /* ModifyProjectXIBColor */ = {
			isa = PBXNativeTarget;
			buildConfigurationList = C81293ED1CB5FDF400E16627 /* Build configuration list for PBXNativeTarget "ModifyProjectXIBColor" */;
			buildPhases = (
				C81293D51CB5FDF400E16627 /* Sources */,
				C81293D61CB5FDF400E16627 /* Frameworks */,
				C81293D71CB5FDF400E16627 /* Resources */,
			);
			buildRules = (
			);
			dependencies = (
			);
			name = ModifyProjectXIBColor;
			productName = ModifyProjectXIBColor;
			productReference = C81293D91CB5FDF400E16627 /* ModifyProjectXIBColor.app */;
			productType = "com.apple.product-type.application";
		};
/* End PBXNativeTarget section */

/* Begin PBXProject section */
		C81293D11CB5FDF400E16627 /* Project object */ = {
			isa = PBXProject;
			attributes = {
				LastUpgradeCheck = 0730;
				ORGANIZATIONNAME = winter;
				TargetAttributes = {
					C81293D81CB5FDF400E16627 = {
						CreatedOnToolsVersion = 7.3;
					};
				};
			};
			buildConfigurationList = C81293D41CB5FDF400E16627 /* Build configuration list for PBXProject "ModifyProjectXIBColor" */;
			compatibilityVersion = "Xcode 3.2";
			developmentRegion = English;
			hasScannedForEncodings = 0;
			knownRegions = (
				en,
				Base,
			);
			mainGroup = C81293D01CB5FDF400E16627;
			productRefGroup = C81293DA1CB5FDF400E16627 /* Products */;
			projectDirPath = "";
			projectRoot = "";
			targets = (
				C81293D81CB5FDF400E16627 /* ModifyProjectXIBColor */,
			);
		};
/* End PBXProject section */

/* Begin PBXResourcesBuildPhase section */
		C81293D71CB5FDF400E16627 /* Resources */ = {
			isa = PBXResourcesBuildPhase;
			buildActionMask = 2147483647;
			files = (
				C81293E91CB5FDF400E16627 /* Main.storyboard in Resources */,
			);
			runOnlyForDeploymentPostprocessing = 0;
		};
/* End PBXResourcesBuildPhase section */

/* Begin PBXSourcesBuildPhase section */
		C81293D51CB5FDF400E16627 /* Sources */ = {
			isa = PBXSourcesBuildPhase;
			buildActionMask = 2147483647;
			files = (
				C81293F41CB5FEAD00E16627 /* WDColorModel.m in Sources */,
				C81293E41CB5FDF400E16627 /* ViewController.m in Sources */,
				C81293E11CB5FDF400E16627 /* main.m in Sources */,
				C81293DE1CB5FDF400E16627 /* AppDelegate.m in Sources */,
			);
			runOnlyForDeploymentPostprocessing = 0;
		};
/* End PBXSourcesBuildPhase section */

/* Begin PBXVariantGroup section */
		C81293E71CB5FDF400E16627 /* Main.storyboard */ = {
			isa = PBXVariantGroup;
			children = (
				C81293E81CB5FDF400E16627 /* Base */,
			);
			name = Main.storyboard;
			sourceTree = "<group>";
		};
/* End PBXVariantGroup section */

/* Begin XCBuildConfiguration section */
		C81293EB1CB5FDF400E16627 /* Debug */ = {
			isa = XCBuildConfiguration;
			buildSettings = {
				ALWAYS_SEARCH_USER_PATHS = NO;
				CLANG_ANALYZER_NONNULL = YES;
				CLANG_CXX_LANGUAGE_STANDARD = "gnu++0x";
				CLANG_CXX_LIBRARY = "libc++";
				CLANG_ENABLE_MODULES = YES;
				CLANG_ENABLE_OBJC_ARC = YES;
				CLANG_WARN_BOOL_CONVERSION = YES;
				CLANG_WARN_CONSTANT_CONVERSION = YES;
				CLANG_WARN_DIRECT_OBJC_ISA_USAGE = YES_ERROR;
				CLANG_WARN_EMPTY_BODY = YES;
				CLANG_WARN_ENUM_CONVERSION = YES;
				CLANG_WARN_INT_CONVERSION = YES;
				CLANG_WARN_OBJC_ROOT_CLASS = YES_ERROR;
				CLANG_WARN_UNREACHABLE_CODE = YES;
				CLANG_WARN__DUPLICATE_METHOD_MATCH = YES;
				CODE_SIGN_IDENTITY = "-";
				COPY_PHASE_STRIP = NO;
				DEBUG_INFORMATION_FORMAT = dwarf;
				ENABLE_STRICT_OBJC_MSGSEND = YES;
				ENABLE_TESTABILITY = YES;
				GCC_C_LANGUAGE_STANDARD = gnu99;
				GCC_DYNAMIC_NO_PIC = NO;
				GCC_NO_COMMON_BLOCKS = YES;
				GCC_OPTIMIZATION_LEVEL = 0;
				GCC_PREPROCESSOR_DEFINITIONS = (
					"DEBUG=1",
					"$(inherited)",
				);
				GCC_WARN_64_TO_32_BIT_CONVERSION = YES;
				GCC_WARN_ABOUT_RETURN_TYPE = YES_ERROR;
				GCC_WARN_UNDECLARED_SELECTOR = YES;
				GCC_WARN_UNINITIALIZED_AUTOS = YES_AGGRESSIVE;
				GCC_WARN_UNUSED_FUNCTION = YES;
				GCC_WARN_UNUSED_VARIABLE = YES;
				MACOSX_DEPLOYMENT_TARGET = 10.11;
				MTL_ENABLE_DEBUG_INFO = YES;
				ONLY_ACTIVE_ARCH = YES;
				SDKROOT = macosx;
			};
			name = Debug;
		};
		C81293EC1CB5FDF400E16627 /* Release */ = {
			isa = XCBuildConfiguration;
			buildSettings = {
				ALWAYS_SEARCH_USER_PATHS = NO;
				CLANG_ANALYZER_NONNULL = YES;
				CLANG_CXX_LANGUAGE_STANDARD = "gnu++0x";
				CLANG_CXX_LIBRARY = "libc++";
				CLANG_ENABLE_MODULES = YES;
				CLANG_ENABLE_OBJC_ARC = YES;
				CLANG_WARN_BOOL_CONVERSION = YES;
				CLANG_WARN_CONSTANT_CONVERSION = YES;
				CLANG_WARN_DIRECT_OBJC_ISA_USAGE = YES_ERROR;
				CLANG_WARN_EMPTY_BODY = YES;
				CLANG_WARN_ENUM_CONVERSION = YES;
				CLANG_WARN_INT_CONVERSION = YES;
				CLANG_WARN_OBJC_ROOT_CLASS = YES_ERROR;
				CLANG_WARN_UNREACHABLE_CODE = YES;
				CLANG_WARN__DUPLICATE_METHOD_MATCH = YES;
				CODE_SIGN_IDENTITY = "-";
				COPY_PHASE_STRIP = NO;
				DEBUG_INFORMATION_FORMAT = "dwarf-with-dsym";
				ENABLE_NS_ASSERTIONS = NO;
				ENABLE_STRICT_OBJC_MSGSEND = YES;
				GCC_C_LANGUAGE_STANDARD = gnu99;
				GCC_NO_COMMON_BLOCKS = YES;
				GCC_WARN_64_TO_32_BIT_CONVERSION = YES;
				GCC_WARN_ABOUT_RETURN_TYPE = YES_ERROR;
				GCC_WARN_UNDECLARED_SELECTOR = YES;
				GCC_WARN_UNINITIALIZED_AUTOS = YES_AGGRESSIVE;
				GCC_WARN_UNUSED_FUNCTION = YES;
				GCC_WARN_UNUSED_VARIABLE = YES;
				MACOSX_DEPLOYMENT_TARGET = 10.11;
				MTL_ENABLE_DEBUG_INFO = NO;
				SDKROOT = macosx;
			};
			name = Release;
		};
		C81293EE1CB5FDF400E16627 /* Debug */ = {
			isa = XCBuildConfiguration;
			buildSettings = {
				COMBINE_HIDPI_IMAGES = YES;
				INFOPLIST_FILE = ModifyProjectXIBColor/Info.plist;
				LD_RUNPATH_SEARCH_PATHS = "$(inherited) @executable_path/../Frameworks";
				PRODUCT_BUNDLE_IDENTIFIER = wd.ModifyProjectXIBColor;
				PRODUCT_NAME = "$(TARGET_NAME)";
			};
			name = Debug;
		};
		C81293EF1CB5FDF400E16627 /* Release */ = {
			isa = XCBuildConfiguration;
			buildSettings = {
				COMBINE_HIDPI_IMAGES = YES;
				INFOPLIST_FILE = ModifyProjectXIBColor/Info.plist;
				LD_RUNPATH_SEARCH_PATHS = "$(inherited) @executable_path/../Frameworks";
				PRODUCT_BUNDLE_IDENTIFIER = wd.ModifyProjectXIBColor;
				PRODUCT_NAME = "$(TARGET_NAME)";
			};
			name = Release;
		};
/* End XCBuildConfiguration section */

/* Begin XCConfigurationList section */
		C81293D41CB5FDF400E16627 /* Build configuration list for PBXProject "ModifyProjectXIBColor" */ = {
			isa = XCConfigurationList;
			buildConfigurations = (
				C81293EB1CB5FDF400E16627 /* Debug */,
				C81293EC1CB5FDF400E16627 /* Release */,
			);
			defaultConfigurationIsVisible = 0;
			defaultConfigurationName = Release;
		};
		C81293ED1CB5FDF400E16627 /* Build configuration list for PBXNativeTarget "ModifyProjectXIBColor" */ = {
			isa = XCConfigurationList;
			buildConfigurations = (
				C81293EE1CB5FDF400E16627 /* Debug */,
				C81293EF1CB5FDF400E16627 /* Release */,
			);
			defaultConfigurationIsVisible = 0;
		};
/* End XCConfigurationList section */
	};
	rootObject = C81293D11CB5FDF400E16627 /* Project object */;
}
